
Microsoft Visual Studio Solution File, Format Version 12.00
# Visual Studio 15
VisualStudioVersion = 15.0.26430.12
MinimumVisualStudioVersion = 10.0.40219.1
Project("{FAE04EC0-301F-11D3-BF4B-00C04F79EFBC}") = "Exercise 15", "Exercise 15\Exercise 15.csproj", "{B3B3652B-15C5-42C3-81C1-4496D5CBCB48}"
EndProject
Global
	GlobalSection(SolutionConfigurationPlatforms) = preSolution
		Debug|Any CPU = Debug|Any CPU
		Release|Any CPU = Release|Any CPU
	EndGlobalSection
	GlobalSection(ProjectConfigurationPlatforms) = postSolution
		{B3B3652B-15C5-42C3-81C1-4496D5CBCB48}.Debug|Any CPU.ActiveCfg = Debug|Any CPU
		{B3B3652B-15C5-42C3-81C1-4496D5CBCB48}.Debug|Any CPU.Build.0 = Debug|Any CPU
		{B3B3652B-15C5-42C3-81C1-4496D5CBCB48}.Release|Any CPU.ActiveCfg = Release|Any CPU
		{B3B3652B-15C5-42C3-81C1-4496D5CBCB48}.Release|Any CPU.Build.0 = Release|Any CPU
	EndGlobalSection
	GlobalSection(SolutionProperties) = preSolution
		HideSolutionNode = FALSE
	EndGlobalSection
EndGlobal
