
Microsoft Visual Studio Solution File, Format Version 12.00
# Visual Studio 15
VisualStudioVersion = 15.0.26430.12
MinimumVisualStudioVersion = 10.0.40219.1
Project("{FAE04EC0-301F-11D3-BF4B-00C04F79EFBC}") = "Chapter6 Exercise12", "Chapter6 Exercise12\Chapter6 Exercise12.csproj", "{DE48634B-914E-4BDB-A9E5-5E2587AF884D}"
EndProject
Global
	GlobalSection(SolutionConfigurationPlatforms) = preSolution
		Debug|Any CPU = Debug|Any CPU
		Release|Any CPU = Release|Any CPU
	EndGlobalSection
	GlobalSection(ProjectConfigurationPlatforms) = postSolution
		{DE48634B-914E-4BDB-A9E5-5E2587AF884D}.Debug|Any CPU.ActiveCfg = Debug|Any CPU
		{DE48634B-914E-4BDB-A9E5-5E2587AF884D}.Debug|Any CPU.Build.0 = Debug|Any CPU
		{DE48634B-914E-4BDB-A9E5-5E2587AF884D}.Release|Any CPU.ActiveCfg = Release|Any CPU
		{DE48634B-914E-4BDB-A9E5-5E2587AF884D}.Release|Any CPU.Build.0 = Release|Any CPU
	EndGlobalSection
	GlobalSection(SolutionProperties) = preSolution
		HideSolutionNode = FALSE
	EndGlobalSection
EndGlobal
