
Microsoft Visual Studio Solution File, Format Version 12.00
# Visual Studio 15
VisualStudioVersion = 15.0.26430.12
MinimumVisualStudioVersion = 10.0.40219.1
Project("{FAE04EC0-301F-11D3-BF4B-00C04F79EFBC}") = "Chapter3 Exercise11", "Chapter3 Exercise11\Chapter3 Exercise11.csproj", "{EBEA2C6D-8D42-4147-963B-3A5D9A3EF2BD}"
EndProject
Global
	GlobalSection(SolutionConfigurationPlatforms) = preSolution
		Debug|Any CPU = Debug|Any CPU
		Release|Any CPU = Release|Any CPU
	EndGlobalSection
	GlobalSection(ProjectConfigurationPlatforms) = postSolution
		{EBEA2C6D-8D42-4147-963B-3A5D9A3EF2BD}.Debug|Any CPU.ActiveCfg = Debug|Any CPU
		{EBEA2C6D-8D42-4147-963B-3A5D9A3EF2BD}.Debug|Any CPU.Build.0 = Debug|Any CPU
		{EBEA2C6D-8D42-4147-963B-3A5D9A3EF2BD}.Release|Any CPU.ActiveCfg = Release|Any CPU
		{EBEA2C6D-8D42-4147-963B-3A5D9A3EF2BD}.Release|Any CPU.Build.0 = Release|Any CPU
	EndGlobalSection
	GlobalSection(SolutionProperties) = preSolution
		HideSolutionNode = FALSE
	EndGlobalSection
EndGlobal
