
Microsoft Visual Studio Solution File, Format Version 12.00
# Visual Studio 15
VisualStudioVersion = 15.0.26430.12
MinimumVisualStudioVersion = 10.0.40219.1
Project("{FAE04EC0-301F-11D3-BF4B-00C04F79EFBC}") = "Chapter1 Exercise8", "Chapter1 Exercise8\Chapter1 Exercise8.csproj", "{59798476-A1AB-4166-A86B-2F4CE6E13F61}"
EndProject
Global
	GlobalSection(SolutionConfigurationPlatforms) = preSolution
		Debug|Any CPU = Debug|Any CPU
		Release|Any CPU = Release|Any CPU
	EndGlobalSection
	GlobalSection(ProjectConfigurationPlatforms) = postSolution
		{59798476-A1AB-4166-A86B-2F4CE6E13F61}.Debug|Any CPU.ActiveCfg = Debug|Any CPU
		{59798476-A1AB-4166-A86B-2F4CE6E13F61}.Debug|Any CPU.Build.0 = Debug|Any CPU
		{59798476-A1AB-4166-A86B-2F4CE6E13F61}.Release|Any CPU.ActiveCfg = Release|Any CPU
		{59798476-A1AB-4166-A86B-2F4CE6E13F61}.Release|Any CPU.Build.0 = Release|Any CPU
	EndGlobalSection
	GlobalSection(SolutionProperties) = preSolution
		HideSolutionNode = FALSE
	EndGlobalSection
EndGlobal
