
Microsoft Visual Studio Solution File, Format Version 12.00
# Visual Studio 15
VisualStudioVersion = 15.0.26430.12
MinimumVisualStudioVersion = 10.0.40219.1
Project("{FAE04EC0-301F-11D3-BF4B-00C04F79EFBC}") = "Chapter2 Exercise9", "Chapter2 Exercise9\Chapter2 Exercise9.csproj", "{31DFB443-72D8-4B6E-9F47-318B2C60E29A}"
EndProject
Global
	GlobalSection(SolutionConfigurationPlatforms) = preSolution
		Debug|Any CPU = Debug|Any CPU
		Release|Any CPU = Release|Any CPU
	EndGlobalSection
	GlobalSection(ProjectConfigurationPlatforms) = postSolution
		{31DFB443-72D8-4B6E-9F47-318B2C60E29A}.Debug|Any CPU.ActiveCfg = Debug|Any CPU
		{31DFB443-72D8-4B6E-9F47-318B2C60E29A}.Debug|Any CPU.Build.0 = Debug|Any CPU
		{31DFB443-72D8-4B6E-9F47-318B2C60E29A}.Release|Any CPU.ActiveCfg = Release|Any CPU
		{31DFB443-72D8-4B6E-9F47-318B2C60E29A}.Release|Any CPU.Build.0 = Release|Any CPU
	EndGlobalSection
	GlobalSection(SolutionProperties) = preSolution
		HideSolutionNode = FALSE
	EndGlobalSection
EndGlobal
