
Microsoft Visual Studio Solution File, Format Version 12.00
# Visual Studio 15
VisualStudioVersion = 15.0.26430.12
MinimumVisualStudioVersion = 10.0.40219.1
Project("{FAE04EC0-301F-11D3-BF4B-00C04F79EFBC}") = "Chapter5 Exercise9", "Chapter5 Exercise9\Chapter5 Exercise9.csproj", "{AEE726D5-C566-48DD-896A-70DF205FEFB6}"
EndProject
Global
	GlobalSection(SolutionConfigurationPlatforms) = preSolution
		Debug|Any CPU = Debug|Any CPU
		Release|Any CPU = Release|Any CPU
	EndGlobalSection
	GlobalSection(ProjectConfigurationPlatforms) = postSolution
		{AEE726D5-C566-48DD-896A-70DF205FEFB6}.Debug|Any CPU.ActiveCfg = Debug|Any CPU
		{AEE726D5-C566-48DD-896A-70DF205FEFB6}.Debug|Any CPU.Build.0 = Debug|Any CPU
		{AEE726D5-C566-48DD-896A-70DF205FEFB6}.Release|Any CPU.ActiveCfg = Release|Any CPU
		{AEE726D5-C566-48DD-896A-70DF205FEFB6}.Release|Any CPU.Build.0 = Release|Any CPU
	EndGlobalSection
	GlobalSection(SolutionProperties) = preSolution
		HideSolutionNode = FALSE
	EndGlobalSection
EndGlobal
