
Microsoft Visual Studio Solution File, Format Version 12.00
# Visual Studio 15
VisualStudioVersion = 15.0.26430.12
MinimumVisualStudioVersion = 10.0.40219.1
Project("{FAE04EC0-301F-11D3-BF4B-00C04F79EFBC}") = "Chapter4 Exercise12", "Chapter4 Exercise12\Chapter4 Exercise12.csproj", "{5053CF47-614C-4B94-AA7A-8D39E8AC1661}"
EndProject
Global
	GlobalSection(SolutionConfigurationPlatforms) = preSolution
		Debug|Any CPU = Debug|Any CPU
		Release|Any CPU = Release|Any CPU
	EndGlobalSection
	GlobalSection(ProjectConfigurationPlatforms) = postSolution
		{5053CF47-614C-4B94-AA7A-8D39E8AC1661}.Debug|Any CPU.ActiveCfg = Debug|Any CPU
		{5053CF47-614C-4B94-AA7A-8D39E8AC1661}.Debug|Any CPU.Build.0 = Debug|Any CPU
		{5053CF47-614C-4B94-AA7A-8D39E8AC1661}.Release|Any CPU.ActiveCfg = Release|Any CPU
		{5053CF47-614C-4B94-AA7A-8D39E8AC1661}.Release|Any CPU.Build.0 = Release|Any CPU
	EndGlobalSection
	GlobalSection(SolutionProperties) = preSolution
		HideSolutionNode = FALSE
	EndGlobalSection
EndGlobal
